dependencies:
- name: mongodb
  repository: https://charts.bitnami.com/bitnami/
  version: 11.2.0
- name: gatekeeper
  repository: https://gogatekeeper.github.io/helm-gogatekeeper
  version: 0.1.18
digest: sha256:5b0119bfb920c57608da58bfde3a4fb2b6377600719e83ce647fe6bc3ee44f9d
generated: "2022-06-07T18:08:12.440421+02:00"
