dependencies:
- name: mongodb
  repository: https://charts.bitnami.com/bitnami/
  version: 10.26.4
- name: gatekeeper
  repository: https://gogatekeeper.github.io/helm-gogatekeeper
  version: 0.1.18
digest: sha256:c966b1456834e37a614100f9799dc2623730e55c5fada4183e6953c35d42a7d7
generated: "2022-06-01T09:55:06.356957+02:00"
