dependencies:
- name: redis
  repository: https://charts.bitnami.com/bitnami
  version: 16.12.3
- name: redis
  repository: https://charts.bitnami.com/bitnami
  version: 16.12.3
- name: postgresql
  repository: https://charts.bitnami.com/bitnami
  version: 11.9.1
- name: mongodb
  repository: https://charts.bitnami.com/bitnami
  version: 12.1.31
digest: sha256:f108c0e95405ed3ec48e573fda1c6cc811ee3e759f05f22c2f75ea1780dc5b28
generated: "2022-09-23T20:07:55.965483+02:00"
