dependencies:
- name: redis
  repository: https://charts.bitnami.com/bitnami
  version: 10.7.17
- name: redis
  repository: https://charts.bitnami.com/bitnami
  version: 10.7.17
- name: postgresql
  repository: https://charts.bitnami.com/bitnami
  version: 10.1.4
- name: mongodb
  repository: https://charts.bitnami.com/bitnami
  version: 10.1.4
digest: sha256:cbede1418c2c50f315a5c9912bd2e06bfa930f148fbc1b2daf31d417b2225100
generated: "2021-05-05T22:43:46.742426+02:00"
