dependencies:
- name: redis
  repository: https://charts.bitnami.com/bitnami
  version: 15.7.6
- name: postgresql
  repository: https://charts.bitnami.com/bitnami
  version: 10.16.2
digest: sha256:75a7eb1ea95692faad7a500dd25836a4cbad1f5a3604bef25dc8fb798df18380
generated: "2022-01-21T14:37:01.10648+02:00"
