dependencies:
- name: postgresql
  repository: https://charts.bitnami.com/bitnami
  version: 12.1.2
- name: redis
  repository: https://charts.bitnami.com/bitnami
  version: 17.3.11
digest: sha256:0c139fd65845bf087c3c0ba0ac094e9b29033371e7477213c555cd8053f6f62f
generated: "2022-11-16T14:39:59.119349+03:00"
